{
  "nodes": {
    "naersk": {
      "inputs": {
        "nixpkgs": "nixpkgs"
      },
      "locked": {
        "lastModified": 1654608517,
        "narHash": "sha256-KIxHjDDJYhoiLanLjpeAk5AuZsfip8M62JhkuloEGb0=",
        "owner": "nix-community",
        "repo": "naersk",
        "rev": "14997a79cd78fe34ad6390f18a327ee0593e5eec",
        "type": "github"
      },
      "original": {
        "owner": "nix-community",
        "ref": "master",
        "repo": "naersk",
        "type": "github"
      }
    },
    "nixpkgs": {
      "locked": {
        "lastModified": 0,
        "narHash": "sha256-c+SyXvj7THre87OyIdZfRVR+HhI/g1ZDrQ3VUtTuHkU=",
        "path": "/nix/store/3n0g1dqcs1giajn005sjr1rldd5bi4d0-source",
        "type": "path"
      },
      "original": {
        "id": "nixpkgs",
        "type": "indirect"
      }
    },
    "nixpkgs_2": {
      "locked": {
        "lastModified": 1654845941,
        "narHash": "sha256-uXulXu4BQ9ch1ItV0FlL2Ns8X83m6unT5h/0X//VRLQ=",
        "owner": "NixOS",
        "repo": "nixpkgs",
        "rev": "7b3e907a6fef935794b5049c2c57c519853deb90",
        "type": "github"
      },
      "original": {
        "owner": "NixOS",
        "ref": "nixpkgs-unstable",
        "repo": "nixpkgs",
        "type": "github"
      }
    },
    "root": {
      "inputs": {
        "naersk": "naersk",
        "nixpkgs": "nixpkgs_2",
        "utils": "utils"
      }
    },
    "utils": {
      "locked": {
        "lastModified": 1653893745,
        "narHash": "sha256-0jntwV3Z8//YwuOjzhV2sgJJPt+HY6KhU7VZUL0fKZQ=",
        "owner": "numtide",
        "repo": "flake-utils",
        "rev": "1ed9fb1935d260de5fe1c2f7ee0ebaae17ed2fa1",
        "type": "github"
      },
      "original": {
        "owner": "numtide",
        "repo": "flake-utils",
        "type": "github"
      }
    }
  },
  "root": "root",
  "version": 7
}
